
Microsoft Visual Studio Solution File, Format Version 12.00
# Visual Studio Version 17
VisualStudioVersion = 17.13.35931.197
MinimumVisualStudioVersion = 10.0.40219.1
Project("{FAE04EC0-301F-11D3-BF4B-00C04F79EFBC}") = "Factorial", "data_structure\Factorial.csproj", "{0C2F115F-9871-49E2-AB84-D15B0157B4E7}"
EndProject
Project("{FAE04EC0-301F-11D3-BF4B-00C04F79EFBC}") = "Fibonacci", "Fibonacci\Fibonacci.csproj", "{11F20F45-D4FE-403D-9D27-1F016B9EC7F0}"
EndProject
Project("{FAE04EC0-301F-11D3-BF4B-00C04F79EFBC}") = "Fibonacci_Dynamic", "Fibonacci_Dynamic\Fibonacci_Dynamic.csproj", "{EAC5DDEB-4978-4F95-B471-6947063B1E1C}"
EndProject
Global
	GlobalSection(SolutionConfigurationPlatforms) = preSolution
		Debug|Any CPU = Debug|Any CPU
		Release|Any CPU = Release|Any CPU
	EndGlobalSection
	GlobalSection(ProjectConfigurationPlatforms) = postSolution
		{0C2F115F-9871-49E2-AB84-D15B0157B4E7}.Debug|Any CPU.ActiveCfg = Debug|Any CPU
		{0C2F115F-9871-49E2-AB84-D15B0157B4E7}.Debug|Any CPU.Build.0 = Debug|Any CPU
		{0C2F115F-9871-49E2-AB84-D15B0157B4E7}.Release|Any CPU.ActiveCfg = Release|Any CPU
		{0C2F115F-9871-49E2-AB84-D15B0157B4E7}.Release|Any CPU.Build.0 = Release|Any CPU
		{11F20F45-D4FE-403D-9D27-1F016B9EC7F0}.Debug|Any CPU.ActiveCfg = Debug|Any CPU
		{11F20F45-D4FE-403D-9D27-1F016B9EC7F0}.Debug|Any CPU.Build.0 = Debug|Any CPU
		{11F20F45-D4FE-403D-9D27-1F016B9EC7F0}.Release|Any CPU.ActiveCfg = Release|Any CPU
		{11F20F45-D4FE-403D-9D27-1F016B9EC7F0}.Release|Any CPU.Build.0 = Release|Any CPU
		{EAC5DDEB-4978-4F95-B471-6947063B1E1C}.Debug|Any CPU.ActiveCfg = Debug|Any CPU
		{EAC5DDEB-4978-4F95-B471-6947063B1E1C}.Debug|Any CPU.Build.0 = Debug|Any CPU
		{EAC5DDEB-4978-4F95-B471-6947063B1E1C}.Release|Any CPU.ActiveCfg = Release|Any CPU
		{EAC5DDEB-4978-4F95-B471-6947063B1E1C}.Release|Any CPU.Build.0 = Release|Any CPU
	EndGlobalSection
	GlobalSection(SolutionProperties) = preSolution
		HideSolutionNode = FALSE
	EndGlobalSection
	GlobalSection(ExtensibilityGlobals) = postSolution
		SolutionGuid = {1AFD74A6-167D-4013-A5D1-D621F68EE3BF}
	EndGlobalSection
EndGlobal
